
Microsoft Visual Studio Solution File, Format Version 12.00
# Visual Studio Version 17
VisualStudioVersion = 17.8.34330.188
MinimumVisualStudioVersion = 10.0.40219.1
Project("{9A19103F-16F7-4668-BE54-9A1E7A4F7556}") = "FilmesApi", "FilmesApi\FilmesApi.csproj", "{AD319B19-5407-46C4-BA52-F7E0F4C667E4}"
EndProject
Global
	GlobalSection(SolutionConfigurationPlatforms) = preSolution
		Debug|Any CPU = Debug|Any CPU
		Release|Any CPU = Release|Any CPU
	EndGlobalSection
	GlobalSection(ProjectConfigurationPlatforms) = postSolution
		{AD319B19-5407-46C4-BA52-F7E0F4C667E4}.Debug|Any CPU.ActiveCfg = Debug|Any CPU
		{AD319B19-5407-46C4-BA52-F7E0F4C667E4}.Debug|Any CPU.Build.0 = Debug|Any CPU
		{AD319B19-5407-46C4-BA52-F7E0F4C667E4}.Release|Any CPU.ActiveCfg = Release|Any CPU
		{AD319B19-5407-46C4-BA52-F7E0F4C667E4}.Release|Any CPU.Build.0 = Release|Any CPU
	EndGlobalSection
	GlobalSection(SolutionProperties) = preSolution
		HideSolutionNode = FALSE
	EndGlobalSection
	GlobalSection(ExtensibilityGlobals) = postSolution
		SolutionGuid = {1AEA9218-AAB0-4F06-8B84-152651A3C36C}
	EndGlobalSection
EndGlobal
